Microsoft Visual Studio Solution File, Format Version 12.00
# Visual Studio Version 17
VisualStudioVersion = 17.5.2.0
MinimumVisualStudioVersion = 10.0.40219.1
Project("{FAE04EC0-301F-11D3-BF4B-00C04F79EFBC}") = "mini-rag", "mini-rag.csproj", "{A708E40F-FBE9-2897-EA51-7C4A4F4F3C58}"
EndProject
Global
	GlobalSection(SolutionConfigurationPlatforms) = preSolution
		Debug|Any CPU = Debug|Any CPU
		Release|Any CPU = Release|Any CPU
	EndGlobalSection
	GlobalSection(ProjectConfigurationPlatforms) = postSolution
		{A708E40F-FBE9-2897-EA51-7C4A4F4F3C58}.Debug|Any CPU.ActiveCfg = Debug|Any CPU
		{A708E40F-FBE9-2897-EA51-7C4A4F4F3C58}.Debug|Any CPU.Build.0 = Debug|Any CPU
		{A708E40F-FBE9-2897-EA51-7C4A4F4F3C58}.Release|Any CPU.ActiveCfg = Release|Any CPU
		{A708E40F-FBE9-2897-EA51-7C4A4F4F3C58}.Release|Any CPU.Build.0 = Release|Any CPU
	EndGlobalSection
	GlobalSection(SolutionProperties) = preSolution
		HideSolutionNode = FALSE
	EndGlobalSection
	GlobalSection(ExtensibilityGlobals) = postSolution
		SolutionGuid = {FF7450B0-60F9-4742-B59B-A28A4CDEA285}
	EndGlobalSection
EndGlobal
